// !$*UTF8*$!
{
	archiveVersion = 1;
	classes = {
	};
	objectVersion = 50;
	objects = {

/* Begin PBXBuildFile section */
		957470D6270DD77600DDAEE2 /* PlaceAnnotation.swift in Sources */ = {isa = PBXBuildFile; fileRef = 957470D5270DD77600DDAEE2 /* PlaceAnnotation.swift */; };
		958F592E26FD034600057FA7 /* AppDelegate.swift in Sources */ = {isa = PBXBuildFile; fileRef = 958F592D26FD034600057FA7 /* AppDelegate.swift */; };
		958F593026FD034600057FA7 /* SceneDelegate.swift in Sources */ = {isa = PBXBuildFile; fileRef = 958F592F26FD034600057FA7 /* SceneDelegate.swift */; };
		958F593226FD034600057FA7 /* ViewController.swift in Sources */ = {isa = PBXBuildFile; fileRef = 958F593126FD034600057FA7 /* ViewController.swift */; };
		958F593526FD034600057FA7 /* Main.storyboard in Resources */ = {isa = PBXBuildFile; fileRef = 958F593326FD034600057FA7 /* Main.storyboard */; };
		958F593726FD034800057FA7 /* Assets.xcassets in Resources */ = {isa = PBXBuildFile; fileRef = 958F593626FD034800057FA7 /* Assets.xcassets */; };
		958F593A26FD034800057FA7 /* LaunchScreen.storyboard in Resources */ = {isa = PBXBuildFile; fileRef = 958F593826FD034800057FA7 /* LaunchScreen.storyboard */; };
		958F594426FD079B00057FA7 /* PlacesTableViewController.swift in Sources */ = {isa = PBXBuildFile; fileRef = 958F594326FD079B00057FA7 /* PlacesTableViewController.swift */; };
		958F594726FD0A4900057FA7 /* PlaceFindViewController.swift in Sources */ = {isa = PBXBuildFile; fileRef = 958F594626FD0A4900057FA7 /* PlaceFindViewController.swift */; };
		95E18D5C26FE140200CD4F81 /* MapViewController.swift in Sources */ = {isa = PBXBuildFile; fileRef = 95E18D5B26FE140100CD4F81 /* MapViewController.swift */; };
		95E18D5F26FE451300CD4F81 /* Place.swift in Sources */ = {isa = PBXBuildFile; fileRef = 95E18D5E26FE451300CD4F81 /* Place.swift */; };
/* End PBXBuildFile section */

/* Begin PBXFileReference section */
		957470D5270DD77600DDAEE2 /* PlaceAnnotation.swift */ = {isa = PBXFileReference; lastKnownFileType = sourcecode.swift; path = PlaceAnnotation.swift; sourceTree = "<group>"; };
		958F592A26FD034600057FA7 /* QueroConhecer.app */ = {isa = PBXFileReference; explicitFileType = wrapper.application; includeInIndex = 0; path = QueroConhecer.app; sourceTree = BUILT_PRODUCTS_DIR; };
		958F592D26FD034600057FA7 /* AppDelegate.swift */ = {isa = PBXFileReference; lastKnownFileType = sourcecode.swift; path = AppDelegate.swift; sourceTree = "<group>"; };
		958F592F26FD034600057FA7 /* SceneDelegate.swift */ = {isa = PBXFileReference; lastKnownFileType = sourcecode.swift; path = SceneDelegate.swift; sourceTree = "<group>"; };
		958F593126FD034600057FA7 /* ViewController.swift */ = {isa = PBXFileReference; lastKnownFileType = sourcecode.swift; path = ViewController.swift; sourceTree = "<group>"; };
		958F593426FD034600057FA7 /* Base */ = {isa = PBXFileReference; lastKnownFileType = file.storyboard; name = Base; path = Base.lproj/Main.storyboard; sourceTree = "<group>"; };
		958F593626FD034800057FA7 /* Assets.xcassets */ = {isa = PBXFileReference; lastKnownFileType = folder.assetcatalog; path = Assets.xcassets; sourceTree = "<group>"; };
		958F593926FD034800057FA7 /* Base */ = {isa = PBXFileReference; lastKnownFileType = file.storyboard; name = Base; path = Base.lproj/LaunchScreen.storyboard; sourceTree = "<group>"; };
		958F593B26FD034800057FA7 /* Info.plist */ = {isa = PBXFileReference; lastKnownFileType = text.plist.xml; path = Info.plist; sourceTree = "<group>"; };
		958F594326FD079B00057FA7 /* PlacesTableViewController.swift */ = {isa = PBXFileReference; lastKnownFileType = sourcecode.swift; path = PlacesTableViewController.swift; sourceTree = "<group>"; };
		958F594626FD0A4900057FA7 /* PlaceFindViewController.swift */ = {isa = PBXFileReference; lastKnownFileType = sourcecode.swift; path = PlaceFindViewController.swift; sourceTree = "<group>"; };
		95E18D5B26FE140100CD4F81 /* MapViewController.swift */ = {isa = PBXFileReference; lastKnownFileType = sourcecode.swift; path = MapViewController.swift; sourceTree = "<group>"; };
		95E18D5E26FE451300CD4F81 /* Place.swift */ = {isa = PBXFileReference; lastKnownFileType = sourcecode.swift; path = Place.swift; sourceTree = "<group>"; };
/* End PBXFileReference section */

/* Begin PBXFrameworksBuildPhase section */
		958F592726FD034600057FA7 /* Frameworks */ = {
			isa = PBXFrameworksBuildPhase;
			buildActionMask = 2147483647;
			files = (
			);
			runOnlyForDeploymentPostprocessing = 0;
		};
/* End PBXFrameworksBuildPhase section */

/* Begin PBXGroup section */
		958F592126FD034600057FA7 = {
			isa = PBXGroup;
			children = (
				958F592C26FD034600057FA7 /* QueroConhecer */,
				958F592B26FD034600057FA7 /* Products */,
			);
			sourceTree = "<group>";
		};
		958F592B26FD034600057FA7 /* Products */ = {
			isa = PBXGroup;
			children = (
				958F592A26FD034600057FA7 /* QueroConhecer.app */,
			);
			name = Products;
			sourceTree = "<group>";
		};
		958F592C26FD034600057FA7 /* QueroConhecer */ = {
			isa = PBXGroup;
			children = (
				958F592D26FD034600057FA7 /* AppDelegate.swift */,
				958F592F26FD034600057FA7 /* SceneDelegate.swift */,
				958F593126FD034600057FA7 /* ViewController.swift */,
				958F593326FD034600057FA7 /* Main.storyboard */,
				957470D5270DD77600DDAEE2 /* PlaceAnnotation.swift */,
				95E18D5B26FE140100CD4F81 /* MapViewController.swift */,
				958F594626FD0A4900057FA7 /* PlaceFindViewController.swift */,
				95E18D5E26FE451300CD4F81 /* Place.swift */,
				958F594326FD079B00057FA7 /* PlacesTableViewController.swift */,
				958F593626FD034800057FA7 /* Assets.xcassets */,
				958F593826FD034800057FA7 /* LaunchScreen.storyboard */,
				958F593B26FD034800057FA7 /* Info.plist */,
			);
			path = QueroConhecer;
			sourceTree = "<group>";
		};
/* End PBXGroup section */

/* Begin PBXNativeTarget section */
		958F592926FD034600057FA7 /* QueroConhecer */ = {
			isa = PBXNativeTarget;
			buildConfigurationList = 958F593E26FD034800057FA7 /* Build configuration list for PBXNativeTarget "QueroConhecer" */;
			buildPhases = (
				958F592626FD034600057FA7 /* Sources */,
				958F592726FD034600057FA7 /* Frameworks */,
				958F592826FD034600057FA7 /* Resources */,
			);
			buildRules = (
			);
			dependencies = (
			);
			name = QueroConhecer;
			productName = QueroConhecer;
			productReference = 958F592A26FD034600057FA7 /* QueroConhecer.app */;
			productType = "com.apple.product-type.application";
		};
/* End PBXNativeTarget section */

/* Begin PBXProject section */
		958F592226FD034600057FA7 /* Project object */ = {
			isa = PBXProject;
			attributes = {
				LastSwiftUpdateCheck = 1240;
				LastUpgradeCheck = 1240;
				TargetAttributes = {
					958F592926FD034600057FA7 = {
						CreatedOnToolsVersion = 12.4;
					};
				};
			};
			buildConfigurationList = 958F592526FD034600057FA7 /* Build configuration list for PBXProject "QueroConhecer" */;
			compatibilityVersion = "Xcode 9.3";
			developmentRegion = en;
			hasScannedForEncodings = 0;
			knownRegions = (
				en,
				Base,
			);
			mainGroup = 958F592126FD034600057FA7;
			productRefGroup = 958F592B26FD034600057FA7 /* Products */;
			projectDirPath = "";
			projectRoot = "";
			targets = (
				958F592926FD034600057FA7 /* QueroConhecer */,
			);
		};
/* End PBXProject section */

/* Begin PBXResourcesBuildPhase section */
		958F592826FD034600057FA7 /* Resources */ = {
			isa = PBXResourcesBuildPhase;
			buildActionMask = 2147483647;
			files = (
				958F593A26FD034800057FA7 /* LaunchScreen.storyboard in Resources */,
				958F593726FD034800057FA7 /* Assets.xcassets in Resources */,
				958F593526FD034600057FA7 /* Main.storyboard in Resources */,
			);
			runOnlyForDeploymentPostprocessing = 0;
		};
/* End PBXResourcesBuildPhase section */

/* Begin PBXSourcesBuildPhase section */
		958F592626FD034600057FA7 /* Sources */ = {
			isa = PBXSourcesBuildPhase;
			buildActionMask = 2147483647;
			files = (
				957470D6270DD77600DDAEE2 /* PlaceAnnotation.swift in Sources */,
				958F593226FD034600057FA7 /* ViewController.swift in Sources */,
				95E18D5C26FE140200CD4F81 /* MapViewController.swift in Sources */,
				958F594426FD079B00057FA7 /* PlacesTableViewController.swift in Sources */,
				958F594726FD0A4900057FA7 /* PlaceFindViewController.swift in Sources */,
				958F592E26FD034600057FA7 /* AppDelegate.swift in Sources */,
				95E18D5F26FE451300CD4F81 /* Place.swift in Sources */,
				958F593026FD034600057FA7 /* SceneDelegate.swift in Sources */,
			);
			runOnlyForDeploymentPostprocessing = 0;
		};
/* End PBXSourcesBuildPhase section */

/* Begin PBXVariantGroup section */
		958F593326FD034600057FA7 /* Main.storyboard */ = {
			isa = PBXVariantGroup;
			children = (
				958F593426FD034600057FA7 /* Base */,
			);
			name = Main.storyboard;
			sourceTree = "<group>";
		};
		958F593826FD034800057FA7 /* LaunchScreen.storyboard */ = {
			isa = PBXVariantGroup;
			children = (
				958F593926FD034800057FA7 /* Base */,
			);
			name = LaunchScreen.storyboard;
			sourceTree = "<group>";
		};
/* End PBXVariantGroup section */

/* Begin XCBuildConfiguration section */
		958F593C26FD034800057FA7 /* Debug */ = {
			isa = XCBuildConfiguration;
			buildSettings = {
				ALWAYS_SEARCH_USER_PATHS = NO;
				CLANG_ANALYZER_NONNULL = YES;
				CLANG_ANALYZER_NUMBER_OBJECT_CONVERSION = YES_AGGRESSIVE;
				CLANG_CXX_LANGUAGE_STANDARD = "gnu++14";
				CLANG_CXX_LIBRARY = "libc++";
				CLANG_ENABLE_MODULES = YES;
				CLANG_ENABLE_OBJC_ARC = YES;
				CLANG_ENABLE_OBJC_WEAK = YES;
				CLANG_WARN_BLOCK_CAPTURE_AUTORELEASING = YES;
				CLANG_WARN_BOOL_CONVERSION = YES;
				CLANG_WARN_COMMA = YES;
				CLANG_WARN_CONSTANT_CONVERSION = YES;
				CLANG_WARN_DEPRECATED_OBJC_IMPLEMENTATIONS = YES;
				CLANG_WARN_DIRECT_OBJC_ISA_USAGE = YES_ERROR;
				CLANG_WARN_DOCUMENTATION_COMMENTS = YES;
				CLANG_WARN_EMPTY_BODY = YES;
				CLANG_WARN_ENUM_CONVERSION = YES;
				CLANG_WARN_INFINITE_RECURSION = YES;
				CLANG_WARN_INT_CONVERSION = YES;
				CLANG_WARN_NON_LITERAL_NULL_CONVERSION = YES;
				CLANG_WARN_OBJC_IMPLICIT_RETAIN_SELF = YES;
				CLANG_WARN_OBJC_LITERAL_CONVERSION = YES;
				CLANG_WARN_OBJC_ROOT_CLASS = YES_ERROR;
				CLANG_WARN_QUOTED_INCLUDE_IN_FRAMEWORK_HEADER = YES;
				CLANG_WARN_RANGE_LOOP_ANALYSIS = YES;
				CLANG_WARN_STRICT_PROTOTYPES = YES;
				CLANG_WARN_SUSPICIOUS_MOVE = YES;
				CLANG_WARN_UNGUARDED_AVAILABILITY = YES_AGGRESSIVE;
				CLANG_WARN_UNREACHABLE_CODE = YES;
				CLANG_WARN__DUPLICATE_METHOD_MATCH = YES;
				COPY_PHASE_STRIP = NO;
				DEBUG_INFORMATION_FORMAT = dwarf;
				ENABLE_STRICT_OBJC_MSGSEND = YES;
				ENABLE_TESTABILITY = YES;
				GCC_C_LANGUAGE_STANDARD = gnu11;
				GCC_DYNAMIC_NO_PIC = NO;
				GCC_NO_COMMON_BLOCKS = YES;
				GCC_OPTIMIZATION_LEVEL = 0;
				GCC_PREPROCESSOR_DEFINITIONS = (
					"DEBUG=1",
					"$(inherited)",
				);
				GCC_WARN_64_TO_32_BIT_CONVERSION = YES;
				GCC_WARN_ABOUT_RETURN_TYPE = YES_ERROR;
				GCC_WARN_UNDECLARED_SELECTOR = YES;
				GCC_WARN_UNINITIALIZED_AUTOS = YES_AGGRESSIVE;
				GCC_WARN_UNUSED_FUNCTION = YES;
				GCC_WARN_UNUSED_VARIABLE = YES;
				IPHONEOS_DEPLOYMENT_TARGET = 14.4;
				MTL_ENABLE_DEBUG_INFO = INCLUDE_SOURCE;
				MTL_FAST_MATH = YES;
				ONLY_ACTIVE_ARCH = YES;
				SDKROOT = iphoneos;
				SWIFT_ACTIVE_COMPILATION_CONDITIONS = DEBUG;
				SWIFT_OPTIMIZATION_LEVEL = "-Onone";
			};
			name = Debug;
		};
		958F593D26FD034800057FA7 /* Release */ = {
			isa = XCBuildConfiguration;
			buildSettings = {
				ALWAYS_SEARCH_USER_PATHS = NO;
				CLANG_ANALYZER_NONNULL = YES;
				CLANG_ANALYZER_NUMBER_OBJECT_CONVERSION = YES_AGGRESSIVE;
				CLANG_CXX_LANGUAGE_STANDARD = "gnu++14";
				CLANG_CXX_LIBRARY = "libc++";
				CLANG_ENABLE_MODULES = YES;
				CLANG_ENABLE_OBJC_ARC = YES;
				CLANG_ENABLE_OBJC_WEAK = YES;
				CLANG_WARN_BLOCK_CAPTURE_AUTORELEASING = YES;
				CLANG_WARN_BOOL_CONVERSION = YES;
				CLANG_WARN_COMMA = YES;
				CLANG_WARN_CONSTANT_CONVERSION = YES;
				CLANG_WARN_DEPRECATED_OBJC_IMPLEMENTATIONS = YES;
				CLANG_WARN_DIRECT_OBJC_ISA_USAGE = YES_ERROR;
				CLANG_WARN_DOCUMENTATION_COMMENTS = YES;
				CLANG_WARN_EMPTY_BODY = YES;
				CLANG_WARN_ENUM_CONVERSION = YES;
				CLANG_WARN_INFINITE_RECURSION = YES;
				CLANG_WARN_INT_CONVERSION = YES;
				CLANG_WARN_NON_LITERAL_NULL_CONVERSION = YES;
				CLANG_WARN_OBJC_IMPLICIT_RETAIN_SELF = YES;
				CLANG_WARN_OBJC_LITERAL_CONVERSION = YES;
				CLANG_WARN_OBJC_ROOT_CLASS = YES_ERROR;
				CLANG_WARN_QUOTED_INCLUDE_IN_FRAMEWORK_HEADER = YES;
				CLANG_WARN_RANGE_LOOP_ANALYSIS = YES;
				CLANG_WARN_STRICT_PROTOTYPES = YES;
				CLANG_WARN_SUSPICIOUS_MOVE = YES;
				CLANG_WARN_UNGUARDED_AVAILABILITY = YES_AGGRESSIVE;
				CLANG_WARN_UNREACHABLE_CODE = YES;
				CLANG_WARN__DUPLICATE_METHOD_MATCH = YES;
				COPY_PHASE_STRIP = NO;
				DEBUG_INFORMATION_FORMAT = "dwarf-with-dsym";
				ENABLE_NS_ASSERTIONS = NO;
				ENABLE_STRICT_OBJC_MSGSEND = YES;
				GCC_C_LANGUAGE_STANDARD = gnu11;
				GCC_NO_COMMON_BLOCKS = YES;
				GCC_WARN_64_TO_32_BIT_CONVERSION = YES;
				GCC_WARN_ABOUT_RETURN_TYPE = YES_ERROR;
				GCC_WARN_UNDECLARED_SELECTOR = YES;
				GCC_WARN_UNINITIALIZED_AUTOS = YES_AGGRESSIVE;
				GCC_WARN_UNUSED_FUNCTION = YES;
				GCC_WARN_UNUSED_VARIABLE = YES;
				IPHONEOS_DEPLOYMENT_TARGET = 14.4;
				MTL_ENABLE_DEBUG_INFO = NO;
				MTL_FAST_MATH = YES;
				SDKROOT = iphoneos;
				SWIFT_COMPILATION_MODE = wholemodule;
				SWIFT_OPTIMIZATION_LEVEL = "-O";
				VALIDATE_PRODUCT = YES;
			};
			name = Release;
		};
		958F593F26FD034800057FA7 /* Debug */ = {
			isa = XCBuildConfiguration;
			buildSettings = {
				ASSETCATALOG_COMPILER_APPICON_NAME = AppIcon;
				ASSETCATALOG_COMPILER_GLOBAL_ACCENT_COLOR_NAME = AccentColor;
				CODE_SIGN_STYLE = Automatic;
				INFOPLIST_FILE = QueroConhecer/Info.plist;
				LD_RUNPATH_SEARCH_PATHS = (
					"$(inherited)",
					"@executable_path/Frameworks",
				);
				PRODUCT_BUNDLE_IDENTIFIER = com.martinez.QueroConhecer;
				PRODUCT_NAME = "$(TARGET_NAME)";
				SWIFT_VERSION = 5.0;
				TARGETED_DEVICE_FAMILY = 1;
			};
			name = Debug;
		};
		958F594026FD034800057FA7 /* Release */ = {
			isa = XCBuildConfiguration;
			buildSettings = {
				ASSETCATALOG_COMPILER_APPICON_NAME = AppIcon;
				ASSETCATALOG_COMPILER_GLOBAL_ACCENT_COLOR_NAME = AccentColor;
				CODE_SIGN_STYLE = Automatic;
				INFOPLIST_FILE = QueroConhecer/Info.plist;
				LD_RUNPATH_SEARCH_PATHS = (
					"$(inherited)",
					"@executable_path/Frameworks",
				);
				PRODUCT_BUNDLE_IDENTIFIER = com.martinez.QueroConhecer;
				PRODUCT_NAME = "$(TARGET_NAME)";
				SWIFT_VERSION = 5.0;
				TARGETED_DEVICE_FAMILY = 1;
			};
			name = Release;
		};
/* End XCBuildConfiguration section */

/* Begin XCConfigurationList section */
		958F592526FD034600057FA7 /* Build configuration list for PBXProject "QueroConhecer" */ = {
			isa = XCConfigurationList;
			buildConfigurations = (
				958F593C26FD034800057FA7 /* Debug */,
				958F593D26FD034800057FA7 /* Release */,
			);
			defaultConfigurationIsVisible = 0;
			defaultConfigurationName = Release;
		};
		958F593E26FD034800057FA7 /* Build configuration list for PBXNativeTarget "QueroConhecer" */ = {
			isa = XCConfigurationList;
			buildConfigurations = (
				958F593F26FD034800057FA7 /* Debug */,
				958F594026FD034800057FA7 /* Release */,
			);
			defaultConfigurationIsVisible = 0;
			defaultConfigurationName = Release;
		};
/* End XCConfigurationList section */
	};
	rootObject = 958F592226FD034600057FA7 /* Project object */;
}
